Microsoft Visual Studio Solution File, Format Version 12.00
# Visual Studio Version 17
VisualStudioVersion = 17.5.002.0
MinimumVisualStudioVersion = 10.0.40219.1
Project("{F2A71F9B-5D33-465A-A702-920D77279786}") = "HiringDashboard", "HiringDashboard.fsproj", "{3C3B2A74-F9CB-4B91-82BD-8B498507DC1E}"
EndProject
Project("{F2A71F9B-5D33-465A-A702-920D77279786}") = "App", "Web\App.fsproj", "{C1588504-F784-4C12-A0C0-C23D7EEE9B85}"
EndProject
Global
	GlobalSection(SolutionConfigurationPlatforms) = preSolution
		Debug|Any CPU = Debug|Any CPU
		Release|Any CPU = Release|Any CPU
	EndGlobalSection
	GlobalSection(ProjectConfigurationPlatforms) = postSolution
		{1E09E82A-E9A5-4A10-B149-9615F7EB9201}.Debug|Any CPU.ActiveCfg = Debug|Any CPU
		{1E09E82A-E9A5-4A10-B149-9615F7EB9201}.Debug|Any CPU.Build.0 = Debug|Any CPU
		{1E09E82A-E9A5-4A10-B149-9615F7EB9201}.Release|Any CPU.ActiveCfg = Release|Any CPU
		{1E09E82A-E9A5-4A10-B149-9615F7EB9201}.Release|Any CPU.Build.0 = Release|Any CPU
		{3C3B2A74-F9CB-4B91-82BD-8B498507DC1E}.Debug|Any CPU.ActiveCfg = Debug|Any CPU
		{3C3B2A74-F9CB-4B91-82BD-8B498507DC1E}.Debug|Any CPU.Build.0 = Debug|Any CPU
		{3C3B2A74-F9CB-4B91-82BD-8B498507DC1E}.Release|Any CPU.ActiveCfg = Release|Any CPU
		{3C3B2A74-F9CB-4B91-82BD-8B498507DC1E}.Release|Any CPU.Build.0 = Release|Any CPU
		{C1588504-F784-4C12-A0C0-C23D7EEE9B85}.Debug|Any CPU.ActiveCfg = Debug|Any CPU
		{C1588504-F784-4C12-A0C0-C23D7EEE9B85}.Debug|Any CPU.Build.0 = Debug|Any CPU
		{C1588504-F784-4C12-A0C0-C23D7EEE9B85}.Release|Any CPU.ActiveCfg = Release|Any CPU
		{C1588504-F784-4C12-A0C0-C23D7EEE9B85}.Release|Any CPU.Build.0 = Release|Any CPU
	EndGlobalSection
	GlobalSection(SolutionProperties) = preSolution
		HideSolutionNode = FALSE
	EndGlobalSection
	GlobalSection(ExtensibilityGlobals) = postSolution
		SolutionGuid = {4C647992-C82C-45D1-8E68-C02C3ED82FC5}
	EndGlobalSection
EndGlobal
