
Microsoft Visual Studio Solution File, Format Version 12.00
# Visual Studio 15
VisualStudioVersion = 15.0.28307.705
MinimumVisualStudioVersion = 10.0.40219.1
Project("{FAE04EC0-301F-11D3-BF4B-00C04F79EFBC}") = "Sample.Tests", "Sample.Tests\Sample.Tests.csproj", "{51D5EBA3-DDD6-4683-AE92-A2D0B598D516}"
EndProject
Global
	GlobalSection(SolutionConfigurationPlatforms) = preSolution
		Debug|Any CPU = Debug|Any CPU
		Release|Any CPU = Release|Any CPU
	EndGlobalSection
	GlobalSection(ProjectConfigurationPlatforms) = postSolution
		{51D5EBA3-DDD6-4683-AE92-A2D0B598D516}.Debug|Any CPU.ActiveCfg = Debug|Any CPU
		{51D5EBA3-DDD6-4683-AE92-A2D0B598D516}.Debug|Any CPU.Build.0 = Debug|Any CPU
		{51D5EBA3-DDD6-4683-AE92-A2D0B598D516}.Release|Any CPU.ActiveCfg = Release|Any CPU
		{51D5EBA3-DDD6-4683-AE92-A2D0B598D516}.Release|Any CPU.Build.0 = Release|Any CPU
	EndGlobalSection
	GlobalSection(SolutionProperties) = preSolution
		HideSolutionNode = FALSE
	EndGlobalSection
	GlobalSection(ExtensibilityGlobals) = postSolution
		SolutionGuid = {74FAC941-F40F-4A75-A0AB-3FE469F5BF39}
	EndGlobalSection
EndGlobal
