
Microsoft Visual Studio Solution File, Format Version 12.00
# Visual Studio Version 16
VisualStudioVersion = 16.0.30503.244
MinimumVisualStudioVersion = 10.0.40219.1
Project("{FAE04EC0-301F-11D3-BF4B-00C04F79EFBC}") = "FSharpFromCSharp", "FSharpFromCSharp\FSharpFromCSharp.csproj", "{9AA82A63-BA87-40F8-B00C-BD316FF741E8}"
EndProject
Project("{F2A71F9B-5D33-465A-A702-920D77279786}") = "FSharpLibrary", "FSharpLibrary\FSharpLibrary.fsproj", "{9967B5BE-C139-4EA5-878E-E2C69507E0E1}"
EndProject
Global
	GlobalSection(SolutionConfigurationPlatforms) = preSolution
		Debug|Any CPU = Debug|Any CPU
		Release|Any CPU = Release|Any CPU
	EndGlobalSection
	GlobalSection(ProjectConfigurationPlatforms) = postSolution
		{9AA82A63-BA87-40F8-B00C-BD316FF741E8}.Debug|Any CPU.ActiveCfg = Debug|Any CPU
		{9AA82A63-BA87-40F8-B00C-BD316FF741E8}.Debug|Any CPU.Build.0 = Debug|Any CPU
		{9AA82A63-BA87-40F8-B00C-BD316FF741E8}.Release|Any CPU.ActiveCfg = Release|Any CPU
		{9AA82A63-BA87-40F8-B00C-BD316FF741E8}.Release|Any CPU.Build.0 = Release|Any CPU
		{9967B5BE-C139-4EA5-878E-E2C69507E0E1}.Debug|Any CPU.ActiveCfg = Debug|Any CPU
		{9967B5BE-C139-4EA5-878E-E2C69507E0E1}.Debug|Any CPU.Build.0 = Debug|Any CPU
		{9967B5BE-C139-4EA5-878E-E2C69507E0E1}.Release|Any CPU.ActiveCfg = Release|Any CPU
		{9967B5BE-C139-4EA5-878E-E2C69507E0E1}.Release|Any CPU.Build.0 = Release|Any CPU
	EndGlobalSection
	GlobalSection(SolutionProperties) = preSolution
		HideSolutionNode = FALSE
	EndGlobalSection
	GlobalSection(ExtensibilityGlobals) = postSolution
		SolutionGuid = {44D59A59-D70F-45FD-B92F-7A3B9130CD31}
	EndGlobalSection
EndGlobal
