
Microsoft Visual Studio Solution File, Format Version 12.00
# Visual Studio Version 16
VisualStudioVersion = 16.0.30204.135
MinimumVisualStudioVersion = 10.0.40219.1
Project("{FAE04EC0-301F-11D3-BF4B-00C04F79EFBC}") = "UnoCrossPlatform.UWP", "UnoCrossPlatform.UWP\UnoCrossPlatform.UWP.csproj", "{D71D72FA-01BD-4CA8-852B-9D4C406BEF2A}"
EndProject
Project("{FAE04EC0-301F-11D3-BF4B-00C04F79EFBC}") = "UnoCrossPlatform.Droid", "UnoCrossPlatform.Droid\UnoCrossPlatform.Droid.csproj", "{7A2664EA-E176-4305-93E6-14113DF590FB}"
EndProject
Project("{FAE04EC0-301F-11D3-BF4B-00C04F79EFBC}") = "UnoCrossPlatform.iOS", "UnoCrossPlatform.iOS\UnoCrossPlatform.iOS.csproj", "{6F6D805A-B5C3-4858-9F81-29FF449EEA2B}"
EndProject
Project("{9A19103F-16F7-4668-BE54-9A1E7A4F7556}") = "UnoCrossPlatform.Wasm", "UnoCrossPlatform.Wasm\UnoCrossPlatform.Wasm.csproj", "{0B15BE38-D383-494B-B182-487EDC57E1B4}"
EndProject
Project("{FAE04EC0-301F-11D3-BF4B-00C04F79EFBC}") = "UnoCrossPlatform.macOS", "UnoCrossPlatform.macOS\UnoCrossPlatform.macOS.csproj", "{6AFEBE08-A847-42EE-925F-56DCC453A8BB}"
EndProject
Project("{9A19103F-16F7-4668-BE54-9A1E7A4F7556}") = "UnoCrossPlatform", "UnoCrossPlatform\UnoCrossPlatform.csproj", "{95801B22-4D6A-4D53-862B-B0A66E69877A}"
EndProject
Project("{2150E333-8FDC-42A3-9474-1A3956D46DE8}") = "Solution Items", "Solution Items", "{35D27CCE-662B-4239-8FDB-D1A37CD07522}"
	ProjectSection(SolutionItems) = preProject
		.editorconfig = .editorconfig
	EndProjectSection
EndProject
Global
	GlobalSection(SolutionConfigurationPlatforms) = preSolution
		Ad-Hoc|Any CPU = Ad-Hoc|Any CPU
		Ad-Hoc|ARM = Ad-Hoc|ARM
		Ad-Hoc|ARM64 = Ad-Hoc|ARM64
		Ad-Hoc|iPhone = Ad-Hoc|iPhone
		Ad-Hoc|iPhoneSimulator = Ad-Hoc|iPhoneSimulator
		Ad-Hoc|x64 = Ad-Hoc|x64
		Ad-Hoc|x86 = Ad-Hoc|x86
		AppStore|Any CPU = AppStore|Any CPU
		AppStore|ARM = AppStore|ARM
		AppStore|ARM64 = AppStore|ARM64
		AppStore|iPhone = AppStore|iPhone
		AppStore|iPhoneSimulator = AppStore|iPhoneSimulator
		AppStore|x64 = AppStore|x64
		AppStore|x86 = AppStore|x86
		Debug|Any CPU = Debug|Any CPU
		Debug|ARM = Debug|ARM
		Debug|ARM64 = Debug|ARM64
		Debug|iPhone = Debug|iPhone
		Debug|iPhoneSimulator = Debug|iPhoneSimulator
		Debug|x64 = Debug|x64
		Debug|x86 = Debug|x86
		Release|Any CPU = Release|Any CPU
		Release|ARM = Release|ARM
		Release|ARM64 = Release|ARM64
		Release|iPhone = Release|iPhone
		Release|iPhoneSimulator = Release|iPhoneSimulator
		Release|x64 = Release|x64
		Release|x86 = Release|x86
	EndGlobalSection
	GlobalSection(ProjectConfigurationPlatforms) = postSolution
		{D71D72FA-01BD-4CA8-852B-9D4C406BEF2A}.Ad-Hoc|Any CPU.ActiveCfg = Release|x64
		{D71D72FA-01BD-4CA8-852B-9D4C406BEF2A}.Ad-Hoc|Any CPU.Build.0 = Release|x64
		{D71D72FA-01BD-4CA8-852B-9D4C406BEF2A}.Ad-Hoc|Any CPU.Deploy.0 = Release|x64
		{D71D72FA-01BD-4CA8-852B-9D4C406BEF2A}.Ad-Hoc|ARM.ActiveCfg = Release|ARM
		{D71D72FA-01BD-4CA8-852B-9D4C406BEF2A}.Ad-Hoc|ARM.Build.0 = Release|ARM
		{D71D72FA-01BD-4CA8-852B-9D4C406BEF2A}.Ad-Hoc|ARM.Deploy.0 = Release|ARM
		{D71D72FA-01BD-4CA8-852B-9D4C406BEF2A}.Ad-Hoc|ARM64.ActiveCfg = Release|ARM64
		{D71D72FA-01BD-4CA8-852B-9D4C406BEF2A}.Ad-Hoc|ARM64.Build.0 = Release|ARM64
		{D71D72FA-01BD-4CA8-852B-9D4C406BEF2A}.Ad-Hoc|ARM64.Deploy.0 = Release|ARM64
		{D71D72FA-01BD-4CA8-852B-9D4C406BEF2A}.Ad-Hoc|iPhone.ActiveCfg = Release|x64
		{D71D72FA-01BD-4CA8-852B-9D4C406BEF2A}.Ad-Hoc|iPhone.Build.0 = Release|x64
		{D71D72FA-01BD-4CA8-852B-9D4C406BEF2A}.Ad-Hoc|iPhone.Deploy.0 = Release|x64
		{D71D72FA-01BD-4CA8-852B-9D4C406BEF2A}.Ad-Hoc|iPhoneSimulator.ActiveCfg = Release|x64
		{D71D72FA-01BD-4CA8-852B-9D4C406BEF2A}.Ad-Hoc|iPhoneSimulator.Build.0 = Release|x64
		{D71D72FA-01BD-4CA8-852B-9D4C406BEF2A}.Ad-Hoc|iPhoneSimulator.Deploy.0 = Release|x64
		{D71D72FA-01BD-4CA8-852B-9D4C406BEF2A}.Ad-Hoc|x64.ActiveCfg = Release|x64
		{D71D72FA-01BD-4CA8-852B-9D4C406BEF2A}.Ad-Hoc|x64.Build.0 = Release|x64
		{D71D72FA-01BD-4CA8-852B-9D4C406BEF2A}.Ad-Hoc|x64.Deploy.0 = Release|x64
		{D71D72FA-01BD-4CA8-852B-9D4C406BEF2A}.Ad-Hoc|x86.ActiveCfg = Release|x86
		{D71D72FA-01BD-4CA8-852B-9D4C406BEF2A}.Ad-Hoc|x86.Build.0 = Release|x86
		{D71D72FA-01BD-4CA8-852B-9D4C406BEF2A}.Ad-Hoc|x86.Deploy.0 = Release|x86
		{D71D72FA-01BD-4CA8-852B-9D4C406BEF2A}.AppStore|Any CPU.ActiveCfg = Release|x64
		{D71D72FA-01BD-4CA8-852B-9D4C406BEF2A}.AppStore|Any CPU.Build.0 = Release|x64
		{D71D72FA-01BD-4CA8-852B-9D4C406BEF2A}.AppStore|Any CPU.Deploy.0 = Release|x64
		{D71D72FA-01BD-4CA8-852B-9D4C406BEF2A}.AppStore|ARM.ActiveCfg = Release|ARM
		{D71D72FA-01BD-4CA8-852B-9D4C406BEF2A}.AppStore|ARM.Build.0 = Release|ARM
		{D71D72FA-01BD-4CA8-852B-9D4C406BEF2A}.AppStore|ARM.Deploy.0 = Release|ARM
		{D71D72FA-01BD-4CA8-852B-9D4C406BEF2A}.AppStore|ARM64.ActiveCfg = Release|ARM64
		{D71D72FA-01BD-4CA8-852B-9D4C406BEF2A}.AppStore|ARM64.Build.0 = Release|ARM64
		{D71D72FA-01BD-4CA8-852B-9D4C406BEF2A}.AppStore|ARM64.Deploy.0 = Release|ARM64
		{D71D72FA-01BD-4CA8-852B-9D4C406BEF2A}.AppStore|iPhone.ActiveCfg = Release|x64
		{D71D72FA-01BD-4CA8-852B-9D4C406BEF2A}.AppStore|iPhone.Build.0 = Release|x64
		{D71D72FA-01BD-4CA8-852B-9D4C406BEF2A}.AppStore|iPhone.Deploy.0 = Release|x64
		{D71D72FA-01BD-4CA8-852B-9D4C406BEF2A}.AppStore|iPhoneSimulator.ActiveCfg = Release|x64
		{D71D72FA-01BD-4CA8-852B-9D4C406BEF2A}.AppStore|iPhoneSimulator.Build.0 = Release|x64
		{D71D72FA-01BD-4CA8-852B-9D4C406BEF2A}.AppStore|iPhoneSimulator.Deploy.0 = Release|x64
		{D71D72FA-01BD-4CA8-852B-9D4C406BEF2A}.AppStore|x64.ActiveCfg = Release|x64
		{D71D72FA-01BD-4CA8-852B-9D4C406BEF2A}.AppStore|x64.Build.0 = Release|x64
		{D71D72FA-01BD-4CA8-852B-9D4C406BEF2A}.AppStore|x64.Deploy.0 = Release|x64
		{D71D72FA-01BD-4CA8-852B-9D4C406BEF2A}.AppStore|x86.ActiveCfg = Release|x86
		{D71D72FA-01BD-4CA8-852B-9D4C406BEF2A}.AppStore|x86.Build.0 = Release|x86
		{D71D72FA-01BD-4CA8-852B-9D4C406BEF2A}.AppStore|x86.Deploy.0 = Release|x86
		{D71D72FA-01BD-4CA8-852B-9D4C406BEF2A}.Debug|Any CPU.ActiveCfg = Debug|x86
		{D71D72FA-01BD-4CA8-852B-9D4C406BEF2A}.Debug|ARM.ActiveCfg = Debug|ARM
		{D71D72FA-01BD-4CA8-852B-9D4C406BEF2A}.Debug|ARM.Build.0 = Debug|ARM
		{D71D72FA-01BD-4CA8-852B-9D4C406BEF2A}.Debug|ARM.Deploy.0 = Debug|ARM
		{D71D72FA-01BD-4CA8-852B-9D4C406BEF2A}.Debug|ARM64.ActiveCfg = Debug|ARM64
		{D71D72FA-01BD-4CA8-852B-9D4C406BEF2A}.Debug|ARM64.Build.0 = Debug|ARM64
		{D71D72FA-01BD-4CA8-852B-9D4C406BEF2A}.Debug|ARM64.Deploy.0 = Debug|ARM64
		{D71D72FA-01BD-4CA8-852B-9D4C406BEF2A}.Debug|iPhone.ActiveCfg = Debug|x86
		{D71D72FA-01BD-4CA8-852B-9D4C406BEF2A}.Debug|iPhoneSimulator.ActiveCfg = Debug|x86
		{D71D72FA-01BD-4CA8-852B-9D4C406BEF2A}.Debug|x64.ActiveCfg = Debug|x64
		{D71D72FA-01BD-4CA8-852B-9D4C406BEF2A}.Debug|x64.Build.0 = Debug|x64
		{D71D72FA-01BD-4CA8-852B-9D4C406BEF2A}.Debug|x64.Deploy.0 = Debug|x64
		{D71D72FA-01BD-4CA8-852B-9D4C406BEF2A}.Debug|x86.ActiveCfg = Debug|x86
		{D71D72FA-01BD-4CA8-852B-9D4C406BEF2A}.Debug|x86.Build.0 = Debug|x86
		{D71D72FA-01BD-4CA8-852B-9D4C406BEF2A}.Debug|x86.Deploy.0 = Debug|x86
		{D71D72FA-01BD-4CA8-852B-9D4C406BEF2A}.Release|Any CPU.ActiveCfg = Release|x86
		{D71D72FA-01BD-4CA8-852B-9D4C406BEF2A}.Release|ARM.ActiveCfg = Release|ARM
		{D71D72FA-01BD-4CA8-852B-9D4C406BEF2A}.Release|ARM.Build.0 = Release|ARM
		{D71D72FA-01BD-4CA8-852B-9D4C406BEF2A}.Release|ARM.Deploy.0 = Release|ARM
		{D71D72FA-01BD-4CA8-852B-9D4C406BEF2A}.Release|ARM64.ActiveCfg = Release|ARM64
		{D71D72FA-01BD-4CA8-852B-9D4C406BEF2A}.Release|ARM64.Build.0 = Release|ARM64
		{D71D72FA-01BD-4CA8-852B-9D4C406BEF2A}.Release|ARM64.Deploy.0 = Release|ARM64
		{D71D72FA-01BD-4CA8-852B-9D4C406BEF2A}.Release|iPhone.ActiveCfg = Release|x86
		{D71D72FA-01BD-4CA8-852B-9D4C406BEF2A}.Release|iPhoneSimulator.ActiveCfg = Release|x86
		{D71D72FA-01BD-4CA8-852B-9D4C406BEF2A}.Release|x64.ActiveCfg = Release|x64
		{D71D72FA-01BD-4CA8-852B-9D4C406BEF2A}.Release|x64.Build.0 = Release|x64
		{D71D72FA-01BD-4CA8-852B-9D4C406BEF2A}.Release|x64.Deploy.0 = Release|x64
		{D71D72FA-01BD-4CA8-852B-9D4C406BEF2A}.Release|x86.ActiveCfg = Release|x86
		{D71D72FA-01BD-4CA8-852B-9D4C406BEF2A}.Release|x86.Build.0 = Release|x86
		{D71D72FA-01BD-4CA8-852B-9D4C406BEF2A}.Release|x86.Deploy.0 = Release|x86
		{7A2664EA-E176-4305-93E6-14113DF590FB}.Ad-Hoc|Any CPU.ActiveCfg = Release|Any CPU
		{7A2664EA-E176-4305-93E6-14113DF590FB}.Ad-Hoc|Any CPU.Build.0 = Release|Any CPU
		{7A2664EA-E176-4305-93E6-14113DF590FB}.Ad-Hoc|Any CPU.Deploy.0 = Release|Any CPU
		{7A2664EA-E176-4305-93E6-14113DF590FB}.Ad-Hoc|ARM.ActiveCfg = Release|Any CPU
		{7A2664EA-E176-4305-93E6-14113DF590FB}.Ad-Hoc|ARM.Build.0 = Release|Any CPU
		{7A2664EA-E176-4305-93E6-14113DF590FB}.Ad-Hoc|ARM.Deploy.0 = Release|Any CPU
		{7A2664EA-E176-4305-93E6-14113DF590FB}.Ad-Hoc|ARM64.ActiveCfg = Release|Any CPU
		{7A2664EA-E176-4305-93E6-14113DF590FB}.Ad-Hoc|ARM64.Build.0 = Release|Any CPU
		{7A2664EA-E176-4305-93E6-14113DF590FB}.Ad-Hoc|ARM64.Deploy.0 = Release|Any CPU
		{7A2664EA-E176-4305-93E6-14113DF590FB}.Ad-Hoc|iPhone.ActiveCfg = Release|Any CPU
		{7A2664EA-E176-4305-93E6-14113DF590FB}.Ad-Hoc|iPhone.Build.0 = Release|Any CPU
		{7A2664EA-E176-4305-93E6-14113DF590FB}.Ad-Hoc|iPhone.Deploy.0 = Release|Any CPU
		{7A2664EA-E176-4305-93E6-14113DF590FB}.Ad-Hoc|iPhoneSimulator.ActiveCfg = Release|Any CPU
		{7A2664EA-E176-4305-93E6-14113DF590FB}.Ad-Hoc|iPhoneSimulator.Build.0 = Release|Any CPU
		{7A2664EA-E176-4305-93E6-14113DF590FB}.Ad-Hoc|iPhoneSimulator.Deploy.0 = Release|Any CPU
		{7A2664EA-E176-4305-93E6-14113DF590FB}.Ad-Hoc|x64.ActiveCfg = Release|Any CPU
		{7A2664EA-E176-4305-93E6-14113DF590FB}.Ad-Hoc|x64.Build.0 = Release|Any CPU
		{7A2664EA-E176-4305-93E6-14113DF590FB}.Ad-Hoc|x64.Deploy.0 = Release|Any CPU
		{7A2664EA-E176-4305-93E6-14113DF590FB}.Ad-Hoc|x86.ActiveCfg = Release|Any CPU
		{7A2664EA-E176-4305-93E6-14113DF590FB}.Ad-Hoc|x86.Build.0 = Release|Any CPU
		{7A2664EA-E176-4305-93E6-14113DF590FB}.Ad-Hoc|x86.Deploy.0 = Release|Any CPU
		{7A2664EA-E176-4305-93E6-14113DF590FB}.AppStore|Any CPU.ActiveCfg = Release|Any CPU
		{7A2664EA-E176-4305-93E6-14113DF590FB}.AppStore|Any CPU.Build.0 = Release|Any CPU
		{7A2664EA-E176-4305-93E6-14113DF590FB}.AppStore|Any CPU.Deploy.0 = Release|Any CPU
		{7A2664EA-E176-4305-93E6-14113DF590FB}.AppStore|ARM.ActiveCfg = Release|Any CPU
		{7A2664EA-E176-4305-93E6-14113DF590FB}.AppStore|ARM.Build.0 = Release|Any CPU
		{7A2664EA-E176-4305-93E6-14113DF590FB}.AppStore|ARM.Deploy.0 = Release|Any CPU
		{7A2664EA-E176-4305-93E6-14113DF590FB}.AppStore|ARM64.ActiveCfg = Release|Any CPU
		{7A2664EA-E176-4305-93E6-14113DF590FB}.AppStore|ARM64.Build.0 = Release|Any CPU
		{7A2664EA-E176-4305-93E6-14113DF590FB}.AppStore|ARM64.Deploy.0 = Release|Any CPU
		{7A2664EA-E176-4305-93E6-14113DF590FB}.AppStore|iPhone.ActiveCfg = Release|Any CPU
		{7A2664EA-E176-4305-93E6-14113DF590FB}.AppStore|iPhone.Build.0 = Release|Any CPU
		{7A2664EA-E176-4305-93E6-14113DF590FB}.AppStore|iPhone.Deploy.0 = Release|Any CPU
		{7A2664EA-E176-4305-93E6-14113DF590FB}.AppStore|iPhoneSimulator.ActiveCfg = Release|Any CPU
		{7A2664EA-E176-4305-93E6-14113DF590FB}.AppStore|iPhoneSimulator.Build.0 = Release|Any CPU
		{7A2664EA-E176-4305-93E6-14113DF590FB}.AppStore|iPhoneSimulator.Deploy.0 = Release|Any CPU
		{7A2664EA-E176-4305-93E6-14113DF590FB}.AppStore|x64.ActiveCfg = Release|Any CPU
		{7A2664EA-E176-4305-93E6-14113DF590FB}.AppStore|x64.Build.0 = Release|Any CPU
		{7A2664EA-E176-4305-93E6-14113DF590FB}.AppStore|x64.Deploy.0 = Release|Any CPU
		{7A2664EA-E176-4305-93E6-14113DF590FB}.AppStore|x86.ActiveCfg = Release|Any CPU
		{7A2664EA-E176-4305-93E6-14113DF590FB}.AppStore|x86.Build.0 = Release|Any CPU
		{7A2664EA-E176-4305-93E6-14113DF590FB}.AppStore|x86.Deploy.0 = Release|Any CPU
		{7A2664EA-E176-4305-93E6-14113DF590FB}.Debug|Any CPU.ActiveCfg = Debug|Any CPU
		{7A2664EA-E176-4305-93E6-14113DF590FB}.Debug|Any CPU.Build.0 = Debug|Any CPU
		{7A2664EA-E176-4305-93E6-14113DF590FB}.Debug|Any CPU.Deploy.0 = Debug|Any CPU
		{7A2664EA-E176-4305-93E6-14113DF590FB}.Debug|ARM.ActiveCfg = Debug|Any CPU
		{7A2664EA-E176-4305-93E6-14113DF590FB}.Debug|ARM.Build.0 = Debug|Any CPU
		{7A2664EA-E176-4305-93E6-14113DF590FB}.Debug|ARM.Deploy.0 = Debug|Any CPU
		{7A2664EA-E176-4305-93E6-14113DF590FB}.Debug|ARM64.ActiveCfg = Debug|Any CPU
		{7A2664EA-E176-4305-93E6-14113DF590FB}.Debug|ARM64.Build.0 = Debug|Any CPU
		{7A2664EA-E176-4305-93E6-14113DF590FB}.Debug|ARM64.Deploy.0 = Debug|Any CPU
		{7A2664EA-E176-4305-93E6-14113DF590FB}.Debug|iPhone.ActiveCfg = Debug|Any CPU
		{7A2664EA-E176-4305-93E6-14113DF590FB}.Debug|iPhone.Build.0 = Debug|Any CPU
		{7A2664EA-E176-4305-93E6-14113DF590FB}.Debug|iPhone.Deploy.0 = Debug|Any CPU
		{7A2664EA-E176-4305-93E6-14113DF590FB}.Debug|iPhoneSimulator.ActiveCfg = Debug|Any CPU
		{7A2664EA-E176-4305-93E6-14113DF590FB}.Debug|iPhoneSimulator.Build.0 = Debug|Any CPU
		{7A2664EA-E176-4305-93E6-14113DF590FB}.Debug|iPhoneSimulator.Deploy.0 = Debug|Any CPU
		{7A2664EA-E176-4305-93E6-14113DF590FB}.Debug|x64.ActiveCfg = Debug|Any CPU
		{7A2664EA-E176-4305-93E6-14113DF590FB}.Debug|x64.Build.0 = Debug|Any CPU
		{7A2664EA-E176-4305-93E6-14113DF590FB}.Debug|x64.Deploy.0 = Debug|Any CPU
		{7A2664EA-E176-4305-93E6-14113DF590FB}.Debug|x86.ActiveCfg = Debug|Any CPU
		{7A2664EA-E176-4305-93E6-14113DF590FB}.Debug|x86.Build.0 = Debug|Any CPU
		{7A2664EA-E176-4305-93E6-14113DF590FB}.Debug|x86.Deploy.0 = Debug|Any CPU
		{7A2664EA-E176-4305-93E6-14113DF590FB}.Release|Any CPU.ActiveCfg = Release|Any CPU
		{7A2664EA-E176-4305-93E6-14113DF590FB}.Release|Any CPU.Build.0 = Release|Any CPU
		{7A2664EA-E176-4305-93E6-14113DF590FB}.Release|Any CPU.Deploy.0 = Release|Any CPU
		{7A2664EA-E176-4305-93E6-14113DF590FB}.Release|ARM.ActiveCfg = Release|Any CPU
		{7A2664EA-E176-4305-93E6-14113DF590FB}.Release|ARM.Build.0 = Release|Any CPU
		{7A2664EA-E176-4305-93E6-14113DF590FB}.Release|ARM.Deploy.0 = Release|Any CPU
		{7A2664EA-E176-4305-93E6-14113DF590FB}.Release|ARM64.ActiveCfg = Release|Any CPU
		{7A2664EA-E176-4305-93E6-14113DF590FB}.Release|ARM64.Build.0 = Release|Any CPU
		{7A2664EA-E176-4305-93E6-14113DF590FB}.Release|ARM64.Deploy.0 = Release|Any CPU
		{7A2664EA-E176-4305-93E6-14113DF590FB}.Release|iPhone.ActiveCfg = Release|Any CPU
		{7A2664EA-E176-4305-93E6-14113DF590FB}.Release|iPhone.Build.0 = Release|Any CPU
		{7A2664EA-E176-4305-93E6-14113DF590FB}.Release|iPhone.Deploy.0 = Release|Any CPU
		{7A2664EA-E176-4305-93E6-14113DF590FB}.Release|iPhoneSimulator.ActiveCfg = Release|Any CPU
		{7A2664EA-E176-4305-93E6-14113DF590FB}.Release|iPhoneSimulator.Build.0 = Release|Any CPU
		{7A2664EA-E176-4305-93E6-14113DF590FB}.Release|iPhoneSimulator.Deploy.0 = Release|Any CPU
		{7A2664EA-E176-4305-93E6-14113DF590FB}.Release|x64.ActiveCfg = Release|Any CPU
		{7A2664EA-E176-4305-93E6-14113DF590FB}.Release|x64.Build.0 = Release|Any CPU
		{7A2664EA-E176-4305-93E6-14113DF590FB}.Release|x64.Deploy.0 = Release|Any CPU
		{7A2664EA-E176-4305-93E6-14113DF590FB}.Release|x86.ActiveCfg = Release|Any CPU
		{7A2664EA-E176-4305-93E6-14113DF590FB}.Release|x86.Build.0 = Release|Any CPU
		{7A2664EA-E176-4305-93E6-14113DF590FB}.Release|x86.Deploy.0 = Release|Any CPU
		{6F6D805A-B5C3-4858-9F81-29FF449EEA2B}.Ad-Hoc|Any CPU.ActiveCfg = Ad-Hoc|iPhone
		{6F6D805A-B5C3-4858-9F81-29FF449EEA2B}.Ad-Hoc|ARM.ActiveCfg = Ad-Hoc|iPhone
		{6F6D805A-B5C3-4858-9F81-29FF449EEA2B}.Ad-Hoc|ARM64.ActiveCfg = Ad-Hoc|iPhone
		{6F6D805A-B5C3-4858-9F81-29FF449EEA2B}.Ad-Hoc|iPhone.ActiveCfg = Ad-Hoc|iPhone
		{6F6D805A-B5C3-4858-9F81-29FF449EEA2B}.Ad-Hoc|iPhone.Build.0 = Ad-Hoc|iPhone
		{6F6D805A-B5C3-4858-9F81-29FF449EEA2B}.Ad-Hoc|iPhoneSimulator.ActiveCfg = Ad-Hoc|iPhoneSimulator
		{6F6D805A-B5C3-4858-9F81-29FF449EEA2B}.Ad-Hoc|iPhoneSimulator.Build.0 = Ad-Hoc|iPhoneSimulator
		{6F6D805A-B5C3-4858-9F81-29FF449EEA2B}.Ad-Hoc|x64.ActiveCfg = Ad-Hoc|iPhone
		{6F6D805A-B5C3-4858-9F81-29FF449EEA2B}.Ad-Hoc|x86.ActiveCfg = Ad-Hoc|iPhone
		{6F6D805A-B5C3-4858-9F81-29FF449EEA2B}.AppStore|Any CPU.ActiveCfg = AppStore|iPhone
		{6F6D805A-B5C3-4858-9F81-29FF449EEA2B}.AppStore|ARM.ActiveCfg = AppStore|iPhone
		{6F6D805A-B5C3-4858-9F81-29FF449EEA2B}.AppStore|ARM64.ActiveCfg = AppStore|iPhone
		{6F6D805A-B5C3-4858-9F81-29FF449EEA2B}.AppStore|iPhone.ActiveCfg = AppStore|iPhone
		{6F6D805A-B5C3-4858-9F81-29FF449EEA2B}.AppStore|iPhone.Build.0 = AppStore|iPhone
		{6F6D805A-B5C3-4858-9F81-29FF449EEA2B}.AppStore|iPhoneSimulator.ActiveCfg = AppStore|iPhoneSimulator
		{6F6D805A-B5C3-4858-9F81-29FF449EEA2B}.AppStore|iPhoneSimulator.Build.0 = AppStore|iPhoneSimulator
		{6F6D805A-B5C3-4858-9F81-29FF449EEA2B}.AppStore|x64.ActiveCfg = AppStore|iPhone
		{6F6D805A-B5C3-4858-9F81-29FF449EEA2B}.AppStore|x86.ActiveCfg = AppStore|iPhone
		{6F6D805A-B5C3-4858-9F81-29FF449EEA2B}.Debug|Any CPU.ActiveCfg = Debug|iPhone
		{6F6D805A-B5C3-4858-9F81-29FF449EEA2B}.Debug|ARM.ActiveCfg = Debug|iPhone
		{6F6D805A-B5C3-4858-9F81-29FF449EEA2B}.Debug|ARM64.ActiveCfg = Debug|iPhone
		{6F6D805A-B5C3-4858-9F81-29FF449EEA2B}.Debug|iPhone.ActiveCfg = Debug|iPhone
		{6F6D805A-B5C3-4858-9F81-29FF449EEA2B}.Debug|iPhone.Build.0 = Debug|iPhone
		{6F6D805A-B5C3-4858-9F81-29FF449EEA2B}.Debug|iPhoneSimulator.ActiveCfg = Debug|iPhoneSimulator
		{6F6D805A-B5C3-4858-9F81-29FF449EEA2B}.Debug|iPhoneSimulator.Build.0 = Debug|iPhoneSimulator
		{6F6D805A-B5C3-4858-9F81-29FF449EEA2B}.Debug|x64.ActiveCfg = Debug|iPhone
		{6F6D805A-B5C3-4858-9F81-29FF449EEA2B}.Debug|x86.ActiveCfg = Debug|iPhone
		{6F6D805A-B5C3-4858-9F81-29FF449EEA2B}.Release|Any CPU.ActiveCfg = Release|iPhone
		{6F6D805A-B5C3-4858-9F81-29FF449EEA2B}.Release|ARM.ActiveCfg = Release|iPhone
		{6F6D805A-B5C3-4858-9F81-29FF449EEA2B}.Release|ARM64.ActiveCfg = Release|iPhone
		{6F6D805A-B5C3-4858-9F81-29FF449EEA2B}.Release|iPhone.ActiveCfg = Release|iPhone
		{6F6D805A-B5C3-4858-9F81-29FF449EEA2B}.Release|iPhone.Build.0 = Release|iPhone
		{6F6D805A-B5C3-4858-9F81-29FF449EEA2B}.Release|iPhoneSimulator.ActiveCfg = Release|iPhoneSimulator
		{6F6D805A-B5C3-4858-9F81-29FF449EEA2B}.Release|iPhoneSimulator.Build.0 = Release|iPhoneSimulator
		{6F6D805A-B5C3-4858-9F81-29FF449EEA2B}.Release|x64.ActiveCfg = Release|iPhone
		{6F6D805A-B5C3-4858-9F81-29FF449EEA2B}.Release|x86.ActiveCfg = Release|iPhone
		{0B15BE38-D383-494B-B182-487EDC57E1B4}.Ad-Hoc|Any CPU.ActiveCfg = Debug|Any CPU
		{0B15BE38-D383-494B-B182-487EDC57E1B4}.Ad-Hoc|Any CPU.Build.0 = Debug|Any CPU
		{0B15BE38-D383-494B-B182-487EDC57E1B4}.Ad-Hoc|ARM.ActiveCfg = Debug|Any CPU
		{0B15BE38-D383-494B-B182-487EDC57E1B4}.Ad-Hoc|ARM.Build.0 = Debug|Any CPU
		{0B15BE38-D383-494B-B182-487EDC57E1B4}.Ad-Hoc|ARM64.ActiveCfg = Debug|Any CPU
		{0B15BE38-D383-494B-B182-487EDC57E1B4}.Ad-Hoc|ARM64.Build.0 = Debug|Any CPU
		{0B15BE38-D383-494B-B182-487EDC57E1B4}.Ad-Hoc|iPhone.ActiveCfg = Debug|Any CPU
		{0B15BE38-D383-494B-B182-487EDC57E1B4}.Ad-Hoc|iPhone.Build.0 = Debug|Any CPU
		{0B15BE38-D383-494B-B182-487EDC57E1B4}.Ad-Hoc|iPhoneSimulator.ActiveCfg = Debug|Any CPU
		{0B15BE38-D383-494B-B182-487EDC57E1B4}.Ad-Hoc|iPhoneSimulator.Build.0 = Debug|Any CPU
		{0B15BE38-D383-494B-B182-487EDC57E1B4}.Ad-Hoc|x64.ActiveCfg = Debug|Any CPU
		{0B15BE38-D383-494B-B182-487EDC57E1B4}.Ad-Hoc|x64.Build.0 = Debug|Any CPU
		{0B15BE38-D383-494B-B182-487EDC57E1B4}.Ad-Hoc|x86.ActiveCfg = Debug|Any CPU
		{0B15BE38-D383-494B-B182-487EDC57E1B4}.Ad-Hoc|x86.Build.0 = Debug|Any CPU
		{0B15BE38-D383-494B-B182-487EDC57E1B4}.AppStore|Any CPU.ActiveCfg = Debug|Any CPU
		{0B15BE38-D383-494B-B182-487EDC57E1B4}.AppStore|Any CPU.Build.0 = Debug|Any CPU
		{0B15BE38-D383-494B-B182-487EDC57E1B4}.AppStore|ARM.ActiveCfg = Debug|Any CPU
		{0B15BE38-D383-494B-B182-487EDC57E1B4}.AppStore|ARM.Build.0 = Debug|Any CPU
		{0B15BE38-D383-494B-B182-487EDC57E1B4}.AppStore|ARM64.ActiveCfg = Debug|Any CPU
		{0B15BE38-D383-494B-B182-487EDC57E1B4}.AppStore|ARM64.Build.0 = Debug|Any CPU
		{0B15BE38-D383-494B-B182-487EDC57E1B4}.AppStore|iPhone.ActiveCfg = Debug|Any CPU
		{0B15BE38-D383-494B-B182-487EDC57E1B4}.AppStore|iPhone.Build.0 = Debug|Any CPU
		{0B15BE38-D383-494B-B182-487EDC57E1B4}.AppStore|iPhoneSimulator.ActiveCfg = Debug|Any CPU
		{0B15BE38-D383-494B-B182-487EDC57E1B4}.AppStore|iPhoneSimulator.Build.0 = Debug|Any CPU
		{0B15BE38-D383-494B-B182-487EDC57E1B4}.AppStore|x64.ActiveCfg = Debug|Any CPU
		{0B15BE38-D383-494B-B182-487EDC57E1B4}.AppStore|x64.Build.0 = Debug|Any CPU
		{0B15BE38-D383-494B-B182-487EDC57E1B4}.AppStore|x86.ActiveCfg = Debug|Any CPU
		{0B15BE38-D383-494B-B182-487EDC57E1B4}.AppStore|x86.Build.0 = Debug|Any CPU
		{0B15BE38-D383-494B-B182-487EDC57E1B4}.Debug|Any CPU.ActiveCfg = Debug|Any CPU
		{0B15BE38-D383-494B-B182-487EDC57E1B4}.Debug|Any CPU.Build.0 = Debug|Any CPU
		{0B15BE38-D383-494B-B182-487EDC57E1B4}.Debug|ARM.ActiveCfg = Debug|Any CPU
		{0B15BE38-D383-494B-B182-487EDC57E1B4}.Debug|ARM.Build.0 = Debug|Any CPU
		{0B15BE38-D383-494B-B182-487EDC57E1B4}.Debug|ARM64.ActiveCfg = Debug|Any CPU
		{0B15BE38-D383-494B-B182-487EDC57E1B4}.Debug|ARM64.Build.0 = Debug|Any CPU
		{0B15BE38-D383-494B-B182-487EDC57E1B4}.Debug|iPhone.ActiveCfg = Debug|Any CPU
		{0B15BE38-D383-494B-B182-487EDC57E1B4}.Debug|iPhone.Build.0 = Debug|Any CPU
		{0B15BE38-D383-494B-B182-487EDC57E1B4}.Debug|iPhoneSimulator.ActiveCfg = Debug|Any CPU
		{0B15BE38-D383-494B-B182-487EDC57E1B4}.Debug|iPhoneSimulator.Build.0 = Debug|Any CPU
		{0B15BE38-D383-494B-B182-487EDC57E1B4}.Debug|x64.ActiveCfg = Debug|Any CPU
		{0B15BE38-D383-494B-B182-487EDC57E1B4}.Debug|x64.Build.0 = Debug|Any CPU
		{0B15BE38-D383-494B-B182-487EDC57E1B4}.Debug|x86.ActiveCfg = Debug|Any CPU
		{0B15BE38-D383-494B-B182-487EDC57E1B4}.Debug|x86.Build.0 = Debug|Any CPU
		{0B15BE38-D383-494B-B182-487EDC57E1B4}.Release|Any CPU.ActiveCfg = Release|Any CPU
		{0B15BE38-D383-494B-B182-487EDC57E1B4}.Release|Any CPU.Build.0 = Release|Any CPU
		{0B15BE38-D383-494B-B182-487EDC57E1B4}.Release|ARM.ActiveCfg = Release|Any CPU
		{0B15BE38-D383-494B-B182-487EDC57E1B4}.Release|ARM.Build.0 = Release|Any CPU
		{0B15BE38-D383-494B-B182-487EDC57E1B4}.Release|ARM64.ActiveCfg = Release|Any CPU
		{0B15BE38-D383-494B-B182-487EDC57E1B4}.Release|ARM64.Build.0 = Release|Any CPU
		{0B15BE38-D383-494B-B182-487EDC57E1B4}.Release|iPhone.ActiveCfg = Release|Any CPU
		{0B15BE38-D383-494B-B182-487EDC57E1B4}.Release|iPhone.Build.0 = Release|Any CPU
		{0B15BE38-D383-494B-B182-487EDC57E1B4}.Release|iPhoneSimulator.ActiveCfg = Release|Any CPU
		{0B15BE38-D383-494B-B182-487EDC57E1B4}.Release|iPhoneSimulator.Build.0 = Release|Any CPU
		{0B15BE38-D383-494B-B182-487EDC57E1B4}.Release|x64.ActiveCfg = Release|Any CPU
		{0B15BE38-D383-494B-B182-487EDC57E1B4}.Release|x64.Build.0 = Release|Any CPU
		{0B15BE38-D383-494B-B182-487EDC57E1B4}.Release|x86.ActiveCfg = Release|Any CPU
		{0B15BE38-D383-494B-B182-487EDC57E1B4}.Release|x86.Build.0 = Release|Any CPU
		{6AFEBE08-A847-42EE-925F-56DCC453A8BB}.Ad-Hoc|Any CPU.ActiveCfg = Release|iPhoneSimulator
		{6AFEBE08-A847-42EE-925F-56DCC453A8BB}.Ad-Hoc|Any CPU.Build.0 = Release|iPhoneSimulator
		{6AFEBE08-A847-42EE-925F-56DCC453A8BB}.Ad-Hoc|ARM.ActiveCfg = Release|iPhoneSimulator
		{6AFEBE08-A847-42EE-925F-56DCC453A8BB}.Ad-Hoc|ARM.Build.0 = Release|iPhoneSimulator
		{6AFEBE08-A847-42EE-925F-56DCC453A8BB}.Ad-Hoc|ARM64.ActiveCfg = Release|iPhoneSimulator
		{6AFEBE08-A847-42EE-925F-56DCC453A8BB}.Ad-Hoc|ARM64.Build.0 = Release|iPhoneSimulator
		{6AFEBE08-A847-42EE-925F-56DCC453A8BB}.Ad-Hoc|iPhone.ActiveCfg = Release|iPhoneSimulator
		{6AFEBE08-A847-42EE-925F-56DCC453A8BB}.Ad-Hoc|iPhone.Build.0 = Release|iPhoneSimulator
		{6AFEBE08-A847-42EE-925F-56DCC453A8BB}.Ad-Hoc|iPhoneSimulator.ActiveCfg = Release|iPhoneSimulator
		{6AFEBE08-A847-42EE-925F-56DCC453A8BB}.Ad-Hoc|iPhoneSimulator.Build.0 = Release|iPhoneSimulator
		{6AFEBE08-A847-42EE-925F-56DCC453A8BB}.Ad-Hoc|x64.ActiveCfg = Release|iPhoneSimulator
		{6AFEBE08-A847-42EE-925F-56DCC453A8BB}.Ad-Hoc|x64.Build.0 = Release|iPhoneSimulator
		{6AFEBE08-A847-42EE-925F-56DCC453A8BB}.Ad-Hoc|x86.ActiveCfg = Release|iPhoneSimulator
		{6AFEBE08-A847-42EE-925F-56DCC453A8BB}.Ad-Hoc|x86.Build.0 = Release|iPhoneSimulator
		{6AFEBE08-A847-42EE-925F-56DCC453A8BB}.AppStore|Any CPU.ActiveCfg = Release|iPhoneSimulator
		{6AFEBE08-A847-42EE-925F-56DCC453A8BB}.AppStore|Any CPU.Build.0 = Release|iPhoneSimulator
		{6AFEBE08-A847-42EE-925F-56DCC453A8BB}.AppStore|ARM.ActiveCfg = Release|iPhoneSimulator
		{6AFEBE08-A847-42EE-925F-56DCC453A8BB}.AppStore|ARM.Build.0 = Release|iPhoneSimulator
		{6AFEBE08-A847-42EE-925F-56DCC453A8BB}.AppStore|ARM64.ActiveCfg = Release|iPhoneSimulator
		{6AFEBE08-A847-42EE-925F-56DCC453A8BB}.AppStore|ARM64.Build.0 = Release|iPhoneSimulator
		{6AFEBE08-A847-42EE-925F-56DCC453A8BB}.AppStore|iPhone.ActiveCfg = Release|iPhoneSimulator
		{6AFEBE08-A847-42EE-925F-56DCC453A8BB}.AppStore|iPhone.Build.0 = Release|iPhoneSimulator
		{6AFEBE08-A847-42EE-925F-56DCC453A8BB}.AppStore|iPhoneSimulator.ActiveCfg = Release|iPhoneSimulator
		{6AFEBE08-A847-42EE-925F-56DCC453A8BB}.AppStore|iPhoneSimulator.Build.0 = Release|iPhoneSimulator
		{6AFEBE08-A847-42EE-925F-56DCC453A8BB}.AppStore|x64.ActiveCfg = Release|iPhoneSimulator
		{6AFEBE08-A847-42EE-925F-56DCC453A8BB}.AppStore|x64.Build.0 = Release|iPhoneSimulator
		{6AFEBE08-A847-42EE-925F-56DCC453A8BB}.AppStore|x86.ActiveCfg = Release|iPhoneSimulator
		{6AFEBE08-A847-42EE-925F-56DCC453A8BB}.AppStore|x86.Build.0 = Release|iPhoneSimulator
		{6AFEBE08-A847-42EE-925F-56DCC453A8BB}.Debug|Any CPU.ActiveCfg = Debug|iPhoneSimulator
		{6AFEBE08-A847-42EE-925F-56DCC453A8BB}.Debug|ARM.ActiveCfg = Debug|iPhoneSimulator
		{6AFEBE08-A847-42EE-925F-56DCC453A8BB}.Debug|ARM64.ActiveCfg = Debug|iPhoneSimulator
		{6AFEBE08-A847-42EE-925F-56DCC453A8BB}.Debug|iPhone.ActiveCfg = Debug|iPhoneSimulator
		{6AFEBE08-A847-42EE-925F-56DCC453A8BB}.Debug|iPhoneSimulator.ActiveCfg = Debug|iPhoneSimulator
		{6AFEBE08-A847-42EE-925F-56DCC453A8BB}.Debug|iPhoneSimulator.Build.0 = Debug|iPhoneSimulator
		{6AFEBE08-A847-42EE-925F-56DCC453A8BB}.Debug|x64.ActiveCfg = Debug|iPhoneSimulator
		{6AFEBE08-A847-42EE-925F-56DCC453A8BB}.Debug|x86.ActiveCfg = Debug|iPhoneSimulator
		{6AFEBE08-A847-42EE-925F-56DCC453A8BB}.Release|Any CPU.ActiveCfg = Release|iPhoneSimulator
		{6AFEBE08-A847-42EE-925F-56DCC453A8BB}.Release|ARM.ActiveCfg = Release|iPhoneSimulator
		{6AFEBE08-A847-42EE-925F-56DCC453A8BB}.Release|ARM64.ActiveCfg = Release|iPhoneSimulator
		{6AFEBE08-A847-42EE-925F-56DCC453A8BB}.Release|iPhone.ActiveCfg = Release|iPhoneSimulator
		{6AFEBE08-A847-42EE-925F-56DCC453A8BB}.Release|iPhoneSimulator.ActiveCfg = Release|iPhoneSimulator
		{6AFEBE08-A847-42EE-925F-56DCC453A8BB}.Release|iPhoneSimulator.Build.0 = Release|iPhoneSimulator
		{6AFEBE08-A847-42EE-925F-56DCC453A8BB}.Release|x64.ActiveCfg = Release|iPhoneSimulator
		{6AFEBE08-A847-42EE-925F-56DCC453A8BB}.Release|x86.ActiveCfg = Release|iPhoneSimulator
		{95801B22-4D6A-4D53-862B-B0A66E69877A}.Ad-Hoc|Any CPU.ActiveCfg = Debug|Any CPU
		{95801B22-4D6A-4D53-862B-B0A66E69877A}.Ad-Hoc|Any CPU.Build.0 = Debug|Any CPU
		{95801B22-4D6A-4D53-862B-B0A66E69877A}.Ad-Hoc|ARM.ActiveCfg = Debug|Any CPU
		{95801B22-4D6A-4D53-862B-B0A66E69877A}.Ad-Hoc|ARM.Build.0 = Debug|Any CPU
		{95801B22-4D6A-4D53-862B-B0A66E69877A}.Ad-Hoc|ARM64.ActiveCfg = Debug|Any CPU
		{95801B22-4D6A-4D53-862B-B0A66E69877A}.Ad-Hoc|ARM64.Build.0 = Debug|Any CPU
		{95801B22-4D6A-4D53-862B-B0A66E69877A}.Ad-Hoc|iPhone.ActiveCfg = Debug|Any CPU
		{95801B22-4D6A-4D53-862B-B0A66E69877A}.Ad-Hoc|iPhone.Build.0 = Debug|Any CPU
		{95801B22-4D6A-4D53-862B-B0A66E69877A}.Ad-Hoc|iPhoneSimulator.ActiveCfg = Debug|Any CPU
		{95801B22-4D6A-4D53-862B-B0A66E69877A}.Ad-Hoc|iPhoneSimulator.Build.0 = Debug|Any CPU
		{95801B22-4D6A-4D53-862B-B0A66E69877A}.Ad-Hoc|x64.ActiveCfg = Debug|Any CPU
		{95801B22-4D6A-4D53-862B-B0A66E69877A}.Ad-Hoc|x64.Build.0 = Debug|Any CPU
		{95801B22-4D6A-4D53-862B-B0A66E69877A}.Ad-Hoc|x86.ActiveCfg = Debug|Any CPU
		{95801B22-4D6A-4D53-862B-B0A66E69877A}.Ad-Hoc|x86.Build.0 = Debug|Any CPU
		{95801B22-4D6A-4D53-862B-B0A66E69877A}.AppStore|Any CPU.ActiveCfg = Debug|Any CPU
		{95801B22-4D6A-4D53-862B-B0A66E69877A}.AppStore|Any CPU.Build.0 = Debug|Any CPU
		{95801B22-4D6A-4D53-862B-B0A66E69877A}.AppStore|ARM.ActiveCfg = Debug|Any CPU
		{95801B22-4D6A-4D53-862B-B0A66E69877A}.AppStore|ARM.Build.0 = Debug|Any CPU
		{95801B22-4D6A-4D53-862B-B0A66E69877A}.AppStore|ARM64.ActiveCfg = Debug|Any CPU
		{95801B22-4D6A-4D53-862B-B0A66E69877A}.AppStore|ARM64.Build.0 = Debug|Any CPU
		{95801B22-4D6A-4D53-862B-B0A66E69877A}.AppStore|iPhone.ActiveCfg = Debug|Any CPU
		{95801B22-4D6A-4D53-862B-B0A66E69877A}.AppStore|iPhone.Build.0 = Debug|Any CPU
		{95801B22-4D6A-4D53-862B-B0A66E69877A}.AppStore|iPhoneSimulator.ActiveCfg = Debug|Any CPU
		{95801B22-4D6A-4D53-862B-B0A66E69877A}.AppStore|iPhoneSimulator.Build.0 = Debug|Any CPU
		{95801B22-4D6A-4D53-862B-B0A66E69877A}.AppStore|x64.ActiveCfg = Debug|Any CPU
		{95801B22-4D6A-4D53-862B-B0A66E69877A}.AppStore|x64.Build.0 = Debug|Any CPU
		{95801B22-4D6A-4D53-862B-B0A66E69877A}.AppStore|x86.ActiveCfg = Debug|Any CPU
		{95801B22-4D6A-4D53-862B-B0A66E69877A}.AppStore|x86.Build.0 = Debug|Any CPU
		{95801B22-4D6A-4D53-862B-B0A66E69877A}.Debug|Any CPU.ActiveCfg = Debug|Any CPU
		{95801B22-4D6A-4D53-862B-B0A66E69877A}.Debug|Any CPU.Build.0 = Debug|Any CPU
		{95801B22-4D6A-4D53-862B-B0A66E69877A}.Debug|ARM.ActiveCfg = Debug|Any CPU
		{95801B22-4D6A-4D53-862B-B0A66E69877A}.Debug|ARM.Build.0 = Debug|Any CPU
		{95801B22-4D6A-4D53-862B-B0A66E69877A}.Debug|ARM64.ActiveCfg = Debug|Any CPU
		{95801B22-4D6A-4D53-862B-B0A66E69877A}.Debug|ARM64.Build.0 = Debug|Any CPU
		{95801B22-4D6A-4D53-862B-B0A66E69877A}.Debug|iPhone.ActiveCfg = Debug|Any CPU
		{95801B22-4D6A-4D53-862B-B0A66E69877A}.Debug|iPhone.Build.0 = Debug|Any CPU
		{95801B22-4D6A-4D53-862B-B0A66E69877A}.Debug|iPhoneSimulator.ActiveCfg = Debug|Any CPU
		{95801B22-4D6A-4D53-862B-B0A66E69877A}.Debug|iPhoneSimulator.Build.0 = Debug|Any CPU
		{95801B22-4D6A-4D53-862B-B0A66E69877A}.Debug|x64.ActiveCfg = Debug|Any CPU
		{95801B22-4D6A-4D53-862B-B0A66E69877A}.Debug|x64.Build.0 = Debug|Any CPU
		{95801B22-4D6A-4D53-862B-B0A66E69877A}.Debug|x86.ActiveCfg = Debug|Any CPU
		{95801B22-4D6A-4D53-862B-B0A66E69877A}.Debug|x86.Build.0 = Debug|Any CPU
		{95801B22-4D6A-4D53-862B-B0A66E69877A}.Release|Any CPU.ActiveCfg = Release|Any CPU
		{95801B22-4D6A-4D53-862B-B0A66E69877A}.Release|Any CPU.Build.0 = Release|Any CPU
		{95801B22-4D6A-4D53-862B-B0A66E69877A}.Release|ARM.ActiveCfg = Release|Any CPU
		{95801B22-4D6A-4D53-862B-B0A66E69877A}.Release|ARM.Build.0 = Release|Any CPU
		{95801B22-4D6A-4D53-862B-B0A66E69877A}.Release|ARM64.ActiveCfg = Release|Any CPU
		{95801B22-4D6A-4D53-862B-B0A66E69877A}.Release|ARM64.Build.0 = Release|Any CPU
		{95801B22-4D6A-4D53-862B-B0A66E69877A}.Release|iPhone.ActiveCfg = Release|Any CPU
		{95801B22-4D6A-4D53-862B-B0A66E69877A}.Release|iPhone.Build.0 = Release|Any CPU
		{95801B22-4D6A-4D53-862B-B0A66E69877A}.Release|iPhoneSimulator.ActiveCfg = Release|Any CPU
		{95801B22-4D6A-4D53-862B-B0A66E69877A}.Release|iPhoneSimulator.Build.0 = Release|Any CPU
		{95801B22-4D6A-4D53-862B-B0A66E69877A}.Release|x64.ActiveCfg = Release|Any CPU
		{95801B22-4D6A-4D53-862B-B0A66E69877A}.Release|x64.Build.0 = Release|Any CPU
		{95801B22-4D6A-4D53-862B-B0A66E69877A}.Release|x86.ActiveCfg = Release|Any CPU
		{95801B22-4D6A-4D53-862B-B0A66E69877A}.Release|x86.Build.0 = Release|Any CPU
	EndGlobalSection
	GlobalSection(SolutionProperties) = preSolution
		HideSolutionNode = FALSE
	EndGlobalSection
	GlobalSection(ExtensibilityGlobals) = postSolution
		SolutionGuid = {60D0E1D1-80F9-410E-AF2C-0C3475BF62DF}
	EndGlobalSection
EndGlobal
